{
  "name": "fabric",
  "version": "0.0.1",
  "lockfileVersion": 1,
  "requires": true,
  "dependencies": {
    "total.js": {
      "version": "3.4.9",
      "resolved": "https://registry.npmjs.org/total.js/-/total.js-3.4.9.tgz",
      "integrity": "sha512-IwEKrz1+zPyTd2DbofppLXwvPX2bjVxO4kfzrUy245iqUcEnjv46R8ycLhsrbPWt4u6ri28KNtwX/mlDR2x/pw=="
    }
  }
}
